
Microsoft Visual Studio Solution File, Format Version 12.00
# Visual Studio Version 17
VisualStudioVersion = 17.7.34031.279
MinimumVisualStudioVersion = 10.0.40219.1
Project("{9A19103F-16F7-4668-BE54-9A1E7A4F7556}") = "OAuth2Service", "src\services\OAuth2Service\OAuth2Service.csproj", "{67905F02-67C2-44DE-A84F-EB61CA20C455}"
EndProject
Project("{2150E333-8FDC-42A3-9474-1A3956D46DE8}") = "libs", "libs", "{653D859A-9AA7-4ADC-8F44-1D3B13BF01DE}"
EndProject
Project("{2150E333-8FDC-42A3-9474-1A3956D46DE8}") = "services", "services", "{58F67D75-A4C3-40BB-8DE1-540940816CAD}"
EndProject
Project("{9A19103F-16F7-4668-BE54-9A1E7A4F7556}") = "ProductService", "src\services\ProductService\ProductService.csproj", "{4C99A3DE-8905-4FE9-A3C4-8D7A984B4224}"
EndProject
Project("{9A19103F-16F7-4668-BE54-9A1E7A4F7556}") = "MailService", "src\services\MailService\MailService.csproj", "{94013674-17C3-443C-8F4D-787E8957897A}"
EndProject
Project("{9A19103F-16F7-4668-BE54-9A1E7A4F7556}") = "ImageService", "src\services\ImageService\ImageService.csproj", "{CC2060DD-0CBF-4ED8-878D-EC6697967B01}"
EndProject
Project("{9A19103F-16F7-4668-BE54-9A1E7A4F7556}") = "OrderService", "src\services\OrderService\OrderService.csproj", "{E26F40CE-DF56-4D62-BCF8-7460377CA1F4}"
EndProject
Project("{9A19103F-16F7-4668-BE54-9A1E7A4F7556}") = "Core", "src\libs\Core\Core.csproj", "{45CEBE88-04CE-4FAB-94B5-AD0ADFE7D55E}"
EndProject
Project("{9A19103F-16F7-4668-BE54-9A1E7A4F7556}") = "Infrastructure.EFCore", "src\libs\Infrastructure.EFCore\Infrastructure.EFCore.csproj", "{41D34C8B-EC8A-4BA6-9238-7DB5F16FBED3}"
EndProject
Project("{9A19103F-16F7-4668-BE54-9A1E7A4F7556}") = "Infrastructure.Main", "src\libs\Infrastructure.Main\Infrastructure.Main.csproj", "{76CB89E8-E9C4-4991-9585-501443B1BB96}"
EndProject
Project("{9A19103F-16F7-4668-BE54-9A1E7A4F7556}") = "APIGateway", "src\APIGateway\APIGateway.csproj", "{2546D937-AC37-46D4-8E38-2871FAB0B8B7}"
EndProject
Project("{9A19103F-16F7-4668-BE54-9A1E7A4F7556}") = "NotificationService", "src\services\NotificationService\NotificationService.csproj", "{8D800595-3680-4BA6-A852-121FAF4F60FC}"
EndProject
Project("{9A19103F-16F7-4668-BE54-9A1E7A4F7556}") = "HistoryService", "src\services\HistoryService\HistoryService.csproj", "{2F486F0F-318B-4B51-80F1-107A91AE0666}"
EndProject
Project("{9A19103F-16F7-4668-BE54-9A1E7A4F7556}") = "AddressService", "src\services\AddressService\AddressService.csproj", "{D2845321-E788-4631-869F-94A7F2CD5197}"
EndProject
Project("{9A19103F-16F7-4668-BE54-9A1E7A4F7556}") = "AudioService", "src\services\AudioService\AudioService.csproj", "{C645DBFE-E444-4AA8-891C-4CA5AFA7D542}"
EndProject
Project("{E53339B2-1760-4266-BCC7-CA923CBCF16C}") = "docker-compose", "docker-compose.dcproj", "{CA8800D8-FD90-4E64-8680-B76389554655}"
EndProject
Global
	GlobalSection(SolutionConfigurationPlatforms) = preSolution
		Debug|Any CPU = Debug|Any CPU
		Release|Any CPU = Release|Any CPU
	EndGlobalSection
	GlobalSection(ProjectConfigurationPlatforms) = postSolution
		{67905F02-67C2-44DE-A84F-EB61CA20C455}.Debug|Any CPU.ActiveCfg = Debug|Any CPU
		{67905F02-67C2-44DE-A84F-EB61CA20C455}.Debug|Any CPU.Build.0 = Debug|Any CPU
		{67905F02-67C2-44DE-A84F-EB61CA20C455}.Release|Any CPU.ActiveCfg = Release|Any CPU
		{67905F02-67C2-44DE-A84F-EB61CA20C455}.Release|Any CPU.Build.0 = Release|Any CPU
		{4C99A3DE-8905-4FE9-A3C4-8D7A984B4224}.Debug|Any CPU.ActiveCfg = Debug|Any CPU
		{4C99A3DE-8905-4FE9-A3C4-8D7A984B4224}.Debug|Any CPU.Build.0 = Debug|Any CPU
		{4C99A3DE-8905-4FE9-A3C4-8D7A984B4224}.Release|Any CPU.ActiveCfg = Release|Any CPU
		{4C99A3DE-8905-4FE9-A3C4-8D7A984B4224}.Release|Any CPU.Build.0 = Release|Any CPU
		{94013674-17C3-443C-8F4D-787E8957897A}.Debug|Any CPU.ActiveCfg = Debug|Any CPU
		{94013674-17C3-443C-8F4D-787E8957897A}.Debug|Any CPU.Build.0 = Debug|Any CPU
		{94013674-17C3-443C-8F4D-787E8957897A}.Release|Any CPU.ActiveCfg = Release|Any CPU
		{94013674-17C3-443C-8F4D-787E8957897A}.Release|Any CPU.Build.0 = Release|Any CPU
		{CC2060DD-0CBF-4ED8-878D-EC6697967B01}.Debug|Any CPU.ActiveCfg = Debug|Any CPU
		{CC2060DD-0CBF-4ED8-878D-EC6697967B01}.Debug|Any CPU.Build.0 = Debug|Any CPU
		{CC2060DD-0CBF-4ED8-878D-EC6697967B01}.Release|Any CPU.ActiveCfg = Release|Any CPU
		{CC2060DD-0CBF-4ED8-878D-EC6697967B01}.Release|Any CPU.Build.0 = Release|Any CPU
		{E26F40CE-DF56-4D62-BCF8-7460377CA1F4}.Debug|Any CPU.ActiveCfg = Debug|Any CPU
		{E26F40CE-DF56-4D62-BCF8-7460377CA1F4}.Debug|Any CPU.Build.0 = Debug|Any CPU
		{E26F40CE-DF56-4D62-BCF8-7460377CA1F4}.Release|Any CPU.ActiveCfg = Release|Any CPU
		{E26F40CE-DF56-4D62-BCF8-7460377CA1F4}.Release|Any CPU.Build.0 = Release|Any CPU
		{45CEBE88-04CE-4FAB-94B5-AD0ADFE7D55E}.Debug|Any CPU.ActiveCfg = Debug|Any CPU
		{45CEBE88-04CE-4FAB-94B5-AD0ADFE7D55E}.Debug|Any CPU.Build.0 = Debug|Any CPU
		{45CEBE88-04CE-4FAB-94B5-AD0ADFE7D55E}.Release|Any CPU.ActiveCfg = Release|Any CPU
		{45CEBE88-04CE-4FAB-94B5-AD0ADFE7D55E}.Release|Any CPU.Build.0 = Release|Any CPU
		{41D34C8B-EC8A-4BA6-9238-7DB5F16FBED3}.Debug|Any CPU.ActiveCfg = Debug|Any CPU
		{41D34C8B-EC8A-4BA6-9238-7DB5F16FBED3}.Debug|Any CPU.Build.0 = Debug|Any CPU
		{41D34C8B-EC8A-4BA6-9238-7DB5F16FBED3}.Release|Any CPU.ActiveCfg = Release|Any CPU
		{41D34C8B-EC8A-4BA6-9238-7DB5F16FBED3}.Release|Any CPU.Build.0 = Release|Any CPU
		{76CB89E8-E9C4-4991-9585-501443B1BB96}.Debug|Any CPU.ActiveCfg = Debug|Any CPU
		{76CB89E8-E9C4-4991-9585-501443B1BB96}.Debug|Any CPU.Build.0 = Debug|Any CPU
		{76CB89E8-E9C4-4991-9585-501443B1BB96}.Release|Any CPU.ActiveCfg = Release|Any CPU
		{76CB89E8-E9C4-4991-9585-501443B1BB96}.Release|Any CPU.Build.0 = Release|Any CPU
		{2546D937-AC37-46D4-8E38-2871FAB0B8B7}.Debug|Any CPU.ActiveCfg = Debug|Any CPU
		{2546D937-AC37-46D4-8E38-2871FAB0B8B7}.Debug|Any CPU.Build.0 = Debug|Any CPU
		{2546D937-AC37-46D4-8E38-2871FAB0B8B7}.Release|Any CPU.ActiveCfg = Release|Any CPU
		{2546D937-AC37-46D4-8E38-2871FAB0B8B7}.Release|Any CPU.Build.0 = Release|Any CPU
		{8D800595-3680-4BA6-A852-121FAF4F60FC}.Debug|Any CPU.ActiveCfg = Debug|Any CPU
		{8D800595-3680-4BA6-A852-121FAF4F60FC}.Debug|Any CPU.Build.0 = Debug|Any CPU
		{8D800595-3680-4BA6-A852-121FAF4F60FC}.Release|Any CPU.ActiveCfg = Release|Any CPU
		{8D800595-3680-4BA6-A852-121FAF4F60FC}.Release|Any CPU.Build.0 = Release|Any CPU
		{2F486F0F-318B-4B51-80F1-107A91AE0666}.Debug|Any CPU.ActiveCfg = Debug|Any CPU
		{2F486F0F-318B-4B51-80F1-107A91AE0666}.Debug|Any CPU.Build.0 = Debug|Any CPU
		{2F486F0F-318B-4B51-80F1-107A91AE0666}.Release|Any CPU.ActiveCfg = Release|Any CPU
		{2F486F0F-318B-4B51-80F1-107A91AE0666}.Release|Any CPU.Build.0 = Release|Any CPU
		{D2845321-E788-4631-869F-94A7F2CD5197}.Debug|Any CPU.ActiveCfg = Debug|Any CPU
		{D2845321-E788-4631-869F-94A7F2CD5197}.Debug|Any CPU.Build.0 = Debug|Any CPU
		{D2845321-E788-4631-869F-94A7F2CD5197}.Release|Any CPU.ActiveCfg = Release|Any CPU
		{D2845321-E788-4631-869F-94A7F2CD5197}.Release|Any CPU.Build.0 = Release|Any CPU
		{C645DBFE-E444-4AA8-891C-4CA5AFA7D542}.Debug|Any CPU.ActiveCfg = Debug|Any CPU
		{C645DBFE-E444-4AA8-891C-4CA5AFA7D542}.Debug|Any CPU.Build.0 = Debug|Any CPU
		{C645DBFE-E444-4AA8-891C-4CA5AFA7D542}.Release|Any CPU.ActiveCfg = Release|Any CPU
		{C645DBFE-E444-4AA8-891C-4CA5AFA7D542}.Release|Any CPU.Build.0 = Release|Any CPU
		{CA8800D8-FD90-4E64-8680-B76389554655}.Debug|Any CPU.ActiveCfg = Debug|Any CPU
		{CA8800D8-FD90-4E64-8680-B76389554655}.Debug|Any CPU.Build.0 = Debug|Any CPU
		{CA8800D8-FD90-4E64-8680-B76389554655}.Release|Any CPU.ActiveCfg = Release|Any CPU
		{CA8800D8-FD90-4E64-8680-B76389554655}.Release|Any CPU.Build.0 = Release|Any CPU
	EndGlobalSection
	GlobalSection(SolutionProperties) = preSolution
		HideSolutionNode = FALSE
	EndGlobalSection
	GlobalSection(NestedProjects) = preSolution
		{67905F02-67C2-44DE-A84F-EB61CA20C455} = {58F67D75-A4C3-40BB-8DE1-540940816CAD}
		{4C99A3DE-8905-4FE9-A3C4-8D7A984B4224} = {58F67D75-A4C3-40BB-8DE1-540940816CAD}
		{94013674-17C3-443C-8F4D-787E8957897A} = {58F67D75-A4C3-40BB-8DE1-540940816CAD}
		{CC2060DD-0CBF-4ED8-878D-EC6697967B01} = {58F67D75-A4C3-40BB-8DE1-540940816CAD}
		{E26F40CE-DF56-4D62-BCF8-7460377CA1F4} = {58F67D75-A4C3-40BB-8DE1-540940816CAD}
		{45CEBE88-04CE-4FAB-94B5-AD0ADFE7D55E} = {653D859A-9AA7-4ADC-8F44-1D3B13BF01DE}
		{41D34C8B-EC8A-4BA6-9238-7DB5F16FBED3} = {653D859A-9AA7-4ADC-8F44-1D3B13BF01DE}
		{76CB89E8-E9C4-4991-9585-501443B1BB96} = {653D859A-9AA7-4ADC-8F44-1D3B13BF01DE}
		{8D800595-3680-4BA6-A852-121FAF4F60FC} = {58F67D75-A4C3-40BB-8DE1-540940816CAD}
		{2F486F0F-318B-4B51-80F1-107A91AE0666} = {58F67D75-A4C3-40BB-8DE1-540940816CAD}
		{D2845321-E788-4631-869F-94A7F2CD5197} = {58F67D75-A4C3-40BB-8DE1-540940816CAD}
		{C645DBFE-E444-4AA8-891C-4CA5AFA7D542} = {58F67D75-A4C3-40BB-8DE1-540940816CAD}
	EndGlobalSection
	GlobalSection(ExtensibilityGlobals) = postSolution
		SolutionGuid = {8EE5FD1B-FF01-4EB6-988B-3FAB1836EC92}
	EndGlobalSection
EndGlobal
