
Microsoft Visual Studio Solution File, Format Version 12.00
# Visual Studio Version 17
VisualStudioVersion = 17.7.34031.279
MinimumVisualStudioVersion = 10.0.40219.1
Project("{9A19103F-16F7-4668-BE54-9A1E7A4F7556}") = "BaseSource.BackendAPI", "OrderTaobao\BaseSource.BackendAPI.csproj", "{67905F02-67C2-44DE-A84F-EB61CA20C455}"
EndProject
Project("{2150E333-8FDC-42A3-9474-1A3956D46DE8}") = "Shared", "Shared", "{4F87551D-01F3-43B0-8A4B-4A9688776421}"
EndProject
Project("{9A19103F-16F7-4668-BE54-9A1E7A4F7556}") = "BaseSource.Model", "BaseSource.Model\BaseSource.Model.csproj", "{D34C8F33-CA07-42EB-A160-498EAA2B6B7B}"
EndProject
Project("{2150E333-8FDC-42A3-9474-1A3956D46DE8}") = "Main", "Main", "{58DCE7A0-81CC-403A-BB00-BE86F4984DDB}"
EndProject
Project("{9A19103F-16F7-4668-BE54-9A1E7A4F7556}") = "BaseSource", "BaseSource\BaseSource.csproj", "{B49FA4B5-B212-4C86-948A-E424B4392A02}"
EndProject
Project("{9A19103F-16F7-4668-BE54-9A1E7A4F7556}") = "BaseSource.Dto", "BaseSource.Dto\BaseSource.Dto.csproj", "{2B99D2F3-6D91-4B90-AB94-064386366413}"
EndProject
Project("{2150E333-8FDC-42A3-9474-1A3956D46DE8}") = "Host", "Host", "{8DC82AD4-6C4C-475B-ABD8-C2DA842AD38D}"
EndProject
Project("{9A19103F-16F7-4668-BE54-9A1E7A4F7556}") = "BaseSource.BackendAPI.Services", "OrderTaobao.Service\BaseSource.BackendAPI.Services.csproj", "{B1E8A444-F3F4-4AA4-9641-37A5EE011769}"
EndProject
Project("{2150E333-8FDC-42A3-9474-1A3956D46DE8}") = "Infrastructure", "Infrastructure", "{A300A710-14AB-4F2B-B2E3-9009B4093489}"
EndProject
Project("{9A19103F-16F7-4668-BE54-9A1E7A4F7556}") = "BaseSource.Infrastructure", "BaseSource.Infrastructure\BaseSource.Infrastructure.csproj", "{20579AA1-4C0F-49CF-9A98-63C4F8FD7BE6}"
EndProject
Project("{9A19103F-16F7-4668-BE54-9A1E7A4F7556}") = "BaseSource.Builder", "BaseSource.Builder\BaseSource.Builder.csproj", "{6E8E1FF9-7847-4CF6-87B2-100C1269B6AD}"
EndProject
Project("{9A19103F-16F7-4668-BE54-9A1E7A4F7556}") = "Basesource.Constants", "Basesource.Constants\Basesource.Constants.csproj", "{7D3A4E8E-F77A-4ABD-875C-B7E1B15BB4F4}"
EndProject
Project("{2150E333-8FDC-42A3-9474-1A3956D46DE8}") = "Test", "Test", "{6F43E5C1-941B-4C4A-8BBD-136156B9A4DE}"
EndProject
Project("{9A19103F-16F7-4668-BE54-9A1E7A4F7556}") = "BaseSource.UnitTest", "BaseSource.UnitTest\BaseSource.UnitTest.csproj", "{88985732-C6D0-4992-9628-DDF61E7BA798}"
EndProject
Project("{E53339B2-1760-4266-BCC7-CA923CBCF16C}") = "docker-compose", "docker-compose.dcproj", "{4833EE11-8FAD-4A1D-A4ED-7B028472623E}"
EndProject
Project("{2150E333-8FDC-42A3-9474-1A3956D46DE8}") = "Solution Items", "Solution Items", "{F6F1D1AB-19A2-4EC6-94A7-1C482B520B3B}"
	ProjectSection(SolutionItems) = preProject
		.editorconfig = .editorconfig
	EndProjectSection
EndProject
Global
	GlobalSection(SolutionConfigurationPlatforms) = preSolution
		Debug|Any CPU = Debug|Any CPU
		Release|Any CPU = Release|Any CPU
	EndGlobalSection
	GlobalSection(ProjectConfigurationPlatforms) = postSolution
		{67905F02-67C2-44DE-A84F-EB61CA20C455}.Debug|Any CPU.ActiveCfg = Debug|Any CPU
		{67905F02-67C2-44DE-A84F-EB61CA20C455}.Debug|Any CPU.Build.0 = Debug|Any CPU
		{67905F02-67C2-44DE-A84F-EB61CA20C455}.Release|Any CPU.ActiveCfg = Release|Any CPU
		{67905F02-67C2-44DE-A84F-EB61CA20C455}.Release|Any CPU.Build.0 = Release|Any CPU
		{D34C8F33-CA07-42EB-A160-498EAA2B6B7B}.Debug|Any CPU.ActiveCfg = Debug|Any CPU
		{D34C8F33-CA07-42EB-A160-498EAA2B6B7B}.Debug|Any CPU.Build.0 = Debug|Any CPU
		{D34C8F33-CA07-42EB-A160-498EAA2B6B7B}.Release|Any CPU.ActiveCfg = Release|Any CPU
		{D34C8F33-CA07-42EB-A160-498EAA2B6B7B}.Release|Any CPU.Build.0 = Release|Any CPU
		{B49FA4B5-B212-4C86-948A-E424B4392A02}.Debug|Any CPU.ActiveCfg = Debug|Any CPU
		{B49FA4B5-B212-4C86-948A-E424B4392A02}.Debug|Any CPU.Build.0 = Debug|Any CPU
		{B49FA4B5-B212-4C86-948A-E424B4392A02}.Release|Any CPU.ActiveCfg = Release|Any CPU
		{B49FA4B5-B212-4C86-948A-E424B4392A02}.Release|Any CPU.Build.0 = Release|Any CPU
		{2B99D2F3-6D91-4B90-AB94-064386366413}.Debug|Any CPU.ActiveCfg = Debug|Any CPU
		{2B99D2F3-6D91-4B90-AB94-064386366413}.Debug|Any CPU.Build.0 = Debug|Any CPU
		{2B99D2F3-6D91-4B90-AB94-064386366413}.Release|Any CPU.ActiveCfg = Release|Any CPU
		{2B99D2F3-6D91-4B90-AB94-064386366413}.Release|Any CPU.Build.0 = Release|Any CPU
		{B1E8A444-F3F4-4AA4-9641-37A5EE011769}.Debug|Any CPU.ActiveCfg = Debug|Any CPU
		{B1E8A444-F3F4-4AA4-9641-37A5EE011769}.Debug|Any CPU.Build.0 = Debug|Any CPU
		{B1E8A444-F3F4-4AA4-9641-37A5EE011769}.Release|Any CPU.ActiveCfg = Release|Any CPU
		{B1E8A444-F3F4-4AA4-9641-37A5EE011769}.Release|Any CPU.Build.0 = Release|Any CPU
		{20579AA1-4C0F-49CF-9A98-63C4F8FD7BE6}.Debug|Any CPU.ActiveCfg = Debug|Any CPU
		{20579AA1-4C0F-49CF-9A98-63C4F8FD7BE6}.Debug|Any CPU.Build.0 = Debug|Any CPU
		{20579AA1-4C0F-49CF-9A98-63C4F8FD7BE6}.Release|Any CPU.ActiveCfg = Release|Any CPU
		{20579AA1-4C0F-49CF-9A98-63C4F8FD7BE6}.Release|Any CPU.Build.0 = Release|Any CPU
		{6E8E1FF9-7847-4CF6-87B2-100C1269B6AD}.Debug|Any CPU.ActiveCfg = Debug|Any CPU
		{6E8E1FF9-7847-4CF6-87B2-100C1269B6AD}.Debug|Any CPU.Build.0 = Debug|Any CPU
		{6E8E1FF9-7847-4CF6-87B2-100C1269B6AD}.Release|Any CPU.ActiveCfg = Release|Any CPU
		{6E8E1FF9-7847-4CF6-87B2-100C1269B6AD}.Release|Any CPU.Build.0 = Release|Any CPU
		{7D3A4E8E-F77A-4ABD-875C-B7E1B15BB4F4}.Debug|Any CPU.ActiveCfg = Debug|Any CPU
		{7D3A4E8E-F77A-4ABD-875C-B7E1B15BB4F4}.Debug|Any CPU.Build.0 = Debug|Any CPU
		{7D3A4E8E-F77A-4ABD-875C-B7E1B15BB4F4}.Release|Any CPU.ActiveCfg = Release|Any CPU
		{7D3A4E8E-F77A-4ABD-875C-B7E1B15BB4F4}.Release|Any CPU.Build.0 = Release|Any CPU
		{88985732-C6D0-4992-9628-DDF61E7BA798}.Debug|Any CPU.ActiveCfg = Debug|Any CPU
		{88985732-C6D0-4992-9628-DDF61E7BA798}.Debug|Any CPU.Build.0 = Debug|Any CPU
		{88985732-C6D0-4992-9628-DDF61E7BA798}.Release|Any CPU.ActiveCfg = Release|Any CPU
		{88985732-C6D0-4992-9628-DDF61E7BA798}.Release|Any CPU.Build.0 = Release|Any CPU
		{4833EE11-8FAD-4A1D-A4ED-7B028472623E}.Debug|Any CPU.ActiveCfg = Debug|Any CPU
		{4833EE11-8FAD-4A1D-A4ED-7B028472623E}.Debug|Any CPU.Build.0 = Debug|Any CPU
		{4833EE11-8FAD-4A1D-A4ED-7B028472623E}.Release|Any CPU.ActiveCfg = Release|Any CPU
		{4833EE11-8FAD-4A1D-A4ED-7B028472623E}.Release|Any CPU.Build.0 = Release|Any CPU
	EndGlobalSection
	GlobalSection(SolutionProperties) = preSolution
		HideSolutionNode = FALSE
	EndGlobalSection
	GlobalSection(NestedProjects) = preSolution
		{67905F02-67C2-44DE-A84F-EB61CA20C455} = {8DC82AD4-6C4C-475B-ABD8-C2DA842AD38D}
		{D34C8F33-CA07-42EB-A160-498EAA2B6B7B} = {4F87551D-01F3-43B0-8A4B-4A9688776421}
		{B49FA4B5-B212-4C86-948A-E424B4392A02} = {58DCE7A0-81CC-403A-BB00-BE86F4984DDB}
		{2B99D2F3-6D91-4B90-AB94-064386366413} = {4F87551D-01F3-43B0-8A4B-4A9688776421}
		{B1E8A444-F3F4-4AA4-9641-37A5EE011769} = {8DC82AD4-6C4C-475B-ABD8-C2DA842AD38D}
		{20579AA1-4C0F-49CF-9A98-63C4F8FD7BE6} = {A300A710-14AB-4F2B-B2E3-9009B4093489}
		{6E8E1FF9-7847-4CF6-87B2-100C1269B6AD} = {4F87551D-01F3-43B0-8A4B-4A9688776421}
		{7D3A4E8E-F77A-4ABD-875C-B7E1B15BB4F4} = {4F87551D-01F3-43B0-8A4B-4A9688776421}
		{88985732-C6D0-4992-9628-DDF61E7BA798} = {6F43E5C1-941B-4C4A-8BBD-136156B9A4DE}
	EndGlobalSection
	GlobalSection(ExtensibilityGlobals) = postSolution
		SolutionGuid = {8EE5FD1B-FF01-4EB6-988B-3FAB1836EC92}
	EndGlobalSection
EndGlobal
